# THIS IS AN AUTOGENERATED FILE. DO NOT EDIT THIS FILE DIRECTLY.
# yarn lockfile v1


"@gouvfr/dsfr@^1.4.0":
  version "1.4.0"
  resolved "https://registry.yarnpkg.com/@gouvfr/dsfr/-/dsfr-1.4.0.tgz#b2e54487f8d984edc9c658572c10cab5d5bb957e"
  integrity sha512-t17TeKwgUNIYkZpgLBzt8Op1ye+6PevqYPreXRqCFxsnkqoPg9fHvGy9goQhR0mSM/LIAbSYYi6Mkfa60YXYTg==
